// !$*UTF8*$!
{
	archiveVersion = 1;
	classes = {
	};
	objectVersion = 46;
	objects = {

/* Begin PBXBuildFile section */
		8E989E6116D60CA500E399CD /* Cocoa.framework in Frameworks */ = {isa = PBXBuildFile; fileRef = 8E989E6016D60CA500E399CD /* Cocoa.framework */; };
		8E989E6B16D60CA500E399CD /* InfoPlist.strings in Resources */ = {isa = PBXBuildFile; fileRef = 8E989E6916D60CA500E399CD /* InfoPlist.strings */; };
		8E989E6D16D60CA500E399CD /* main.m in Sources */ = {isa = PBXBuildFile; fileRef = 8E989E6C16D60CA500E399CD /* main.m */; };
		8E989E7116D60CA500E399CD /* Credits.rtf in Resources */ = {isa = PBXBuildFile; fileRef = 8E989E6F16D60CA500E399CD /* Credits.rtf */; };
		8E989E7416D60CA500E399CD /* AppDelegate.m in Sources */ = {isa = PBXBuildFile; fileRef = 8E989E7316D60CA500E399CD /* AppDelegate.m */; };
		8E989E7716D60CA500E399CD /* MainMenu.xib in Resources */ = {isa = PBXBuildFile; fileRef = 8E989E7516D60CA500E399CD /* MainMenu.xib */; };
/* End PBXBuildFile section */

/* Begin PBXFileReference section */
		8E989E5D16D60CA500E399CD /* TodoList.app */ = {isa = PBXFileReference; explicitFileType = wrapper.application; includeInIndex = 0; path = TodoList.app; sourceTree = BUILT_PRODUCTS_DIR; };
		8E989E6016D60CA500E399CD /* Cocoa.framework */ = {isa = PBXFileReference; lastKnownFileType = wrapper.framework; name = Cocoa.framework; path = System/Library/Frameworks/Cocoa.framework; sourceTree = SDKROOT; };
		8E989E6316D60CA500E399CD /* AppKit.framework */ = {isa = PBXFileReference; lastKnownFileType = wrapper.framework; name = AppKit.framework; path = System/Library/Frameworks/AppKit.framework; sourceTree = SDKROOT; };
		8E989E6416D60CA500E399CD /* CoreData.framework */ = {isa = PBXFileReference; lastKnownFileType = wrapper.framework; name = CoreData.framework; path = System/Library/Frameworks/CoreData.framework; sourceTree = SDKROOT; };
		8E989E6516D60CA500E399CD /* Foundation.framework */ = {isa = PBXFileReference; lastKnownFileType = wrapper.framework; name = Foundation.framework; path = System/Library/Frameworks/Foundation.framework; sourceTree = SDKROOT; };
		8E989E6816D60CA500E399CD /* TodoList-Info.plist */ = {isa = PBXFileReference; lastKnownFileType = text.plist.xml; path = "TodoList-Info.plist"; sourceTree = "<group>"; };
		8E989E6A16D60CA500E399CD /* en */ = {isa = PBXFileReference; lastKnownFileType = text.plist.strings; name = en; path = en.lproj/InfoPlist.strings; sourceTree = "<group>"; };
		8E989E6C16D60CA500E399CD /* main.m */ = {isa = PBXFileReference; lastKnownFileType = sourcecode.c.objc; path = main.m; sourceTree = "<group>"; };
		8E989E6E16D60CA500E399CD /* TodoList-Prefix.pch */ = {isa = PBXFileReference; lastKnownFileType = sourcecode.c.h; path = "TodoList-Prefix.pch"; sourceTree = "<group>"; };
		8E989E7016D60CA500E399CD /* en */ = {isa = PBXFileReference; lastKnownFileType = text.rtf; name = en; path = en.lproj/Credits.rtf; sourceTree = "<group>"; };
		8E989E7216D60CA500E399CD /* AppDelegate.h */ = {isa = PBXFileReference; lastKnownFileType = sourcecode.c.h; path = AppDelegate.h; sourceTree = "<group>"; };
		8E989E7316D60CA500E399CD /* AppDelegate.m */ = {isa = PBXFileReference; lastKnownFileType = sourcecode.c.objc; path = AppDelegate.m; sourceTree = "<group>"; };
		8E989E7616D60CA500E399CD /* en */ = {isa = PBXFileReference; lastKnownFileType = file.xib; name = en; path = en.lproj/MainMenu.xib; sourceTree = "<group>"; };
/* End PBXFileReference section */

/* Begin PBXFrameworksBuildPhase section */
		8E989E5A16D60CA500E399CD /* Frameworks */ = {
			isa = PBXFrameworksBuildPhase;
			buildActionMask = 2147483647;
			files = (
				8E989E6116D60CA500E399CD /* Cocoa.framework in Frameworks */,
			);
			runOnlyForDeploymentPostprocessing = 0;
		};
/* End PBXFrameworksBuildPhase section */

/* Begin PBXGroup section */
		8E989E5416D60CA500E399CD = {
			isa = PBXGroup;
			children = (
				8E989E6616D60CA500E399CD /* TodoList */,
				8E989E5F16D60CA500E399CD /* Frameworks */,
				8E989E5E16D60CA500E399CD /* Products */,
			);
			sourceTree = "<group>";
		};
		8E989E5E16D60CA500E399CD /* Products */ = {
			isa = PBXGroup;
			children = (
				8E989E5D16D60CA500E399CD /* TodoList.app */,
			);
			name = Products;
			sourceTree = "<group>";
		};
		8E989E5F16D60CA500E399CD /* Frameworks */ = {
			isa = PBXGroup;
			children = (
				8E989E6016D60CA500E399CD /* Cocoa.framework */,
				8E989E6216D60CA500E399CD /* Other Frameworks */,
			);
			name = Frameworks;
			sourceTree = "<group>";
		};
		8E989E6216D60CA500E399CD /* Other Frameworks */ = {
			isa = PBXGroup;
			children = (
				8E989E6316D60CA500E399CD /* AppKit.framework */,
				8E989E6416D60CA500E399CD /* CoreData.framework */,
				8E989E6516D60CA500E399CD /* Foundation.framework */,
			);
			name = "Other Frameworks";
			sourceTree = "<group>";
		};
		8E989E6616D60CA500E399CD /* TodoList */ = {
			isa = PBXGroup;
			children = (
				8E989E7216D60CA500E399CD /* AppDelegate.h */,
				8E989E7316D60CA500E399CD /* AppDelegate.m */,
				8E989E7516D60CA500E399CD /* MainMenu.xib */,
				8E989E6716D60CA500E399CD /* Supporting Files */,
			);
			path = TodoList;
			sourceTree = "<group>";
		};
		8E989E6716D60CA500E399CD /* Supporting Files */ = {
			isa = PBXGroup;
			children = (
				8E989E6816D60CA500E399CD /* TodoList-Info.plist */,
				8E989E6916D60CA500E399CD /* InfoPlist.strings */,
				8E989E6C16D60CA500E399CD /* main.m */,
				8E989E6E16D60CA500E399CD /* TodoList-Prefix.pch */,
				8E989E6F16D60CA500E399CD /* Credits.rtf */,
			);
			name = "Supporting Files";
			sourceTree = "<group>";
		};
/* End PBXGroup section */

/* Begin PBXNativeTarget section */
		8E989E5C16D60CA500E399CD /* TodoList */ = {
			isa = PBXNativeTarget;
			buildConfigurationList = 8E989E7A16D60CA500E399CD /* Build configuration list for PBXNativeTarget "TodoList" */;
			buildPhases = (
				8E989E5916D60CA500E399CD /* Sources */,
				8E989E5A16D60CA500E399CD /* Frameworks */,
				8E989E5B16D60CA500E399CD /* Resources */,
			);
			buildRules = (
			);
			dependencies = (
			);
			name = TodoList;
			productName = TodoList;
			productReference = 8E989E5D16D60CA500E399CD /* TodoList.app */;
			productType = "com.apple.product-type.application";
		};
/* End PBXNativeTarget section */

/* Begin PBXProject section */
		8E989E5516D60CA500E399CD /* Project object */ = {
			isa = PBXProject;
			attributes = {
				LastUpgradeCheck = 0460;
				ORGANIZATIONNAME = wolf76;
			};
			buildConfigurationList = 8E989E5816D60CA500E399CD /* Build configuration list for PBXProject "TodoList" */;
			compatibilityVersion = "Xcode 3.2";
			developmentRegion = English;
			hasScannedForEncodings = 0;
			knownRegions = (
				en,
			);
			mainGroup = 8E989E5416D60CA500E399CD;
			productRefGroup = 8E989E5E16D60CA500E399CD /* Products */;
			projectDirPath = "";
			projectRoot = "";
			targets = (
				8E989E5C16D60CA500E399CD /* TodoList */,
			);
		};
/* End PBXProject section */

/* Begin PBXResourcesBuildPhase section */
		8E989E5B16D60CA500E399CD /* Resources */ = {
			isa = PBXResourcesBuildPhase;
			buildActionMask = 2147483647;
			files = (
				8E989E6B16D60CA500E399CD /* InfoPlist.strings in Resources */,
				8E989E7116D60CA500E399CD /* Credits.rtf in Resources */,
				8E989E7716D60CA500E399CD /* MainMenu.xib in Resources */,
			);
			runOnlyForDeploymentPostprocessing = 0;
		};
/* End PBXResourcesBuildPhase section */

/* Begin PBXSourcesBuildPhase section */
		8E989E5916D60CA500E399CD /* Sources */ = {
			isa = PBXSourcesBuildPhase;
			buildActionMask = 2147483647;
			files = (
				8E989E6D16D60CA500E399CD /* main.m in Sources */,
				8E989E7416D60CA500E399CD /* AppDelegate.m in Sources */,
			);
			runOnlyForDeploymentPostprocessing = 0;
		};
/* End PBXSourcesBuildPhase section */

/* Begin PBXVariantGroup section */
		8E989E6916D60CA500E399CD /* InfoPlist.strings */ = {
			isa = PBXVariantGroup;
			children = (
				8E989E6A16D60CA500E399CD /* en */,
			);
			name = InfoPlist.strings;
			sourceTree = "<group>";
		};
		8E989E6F16D60CA500E399CD /* Credits.rtf */ = {
			isa = PBXVariantGroup;
			children = (
				8E989E7016D60CA500E399CD /* en */,
			);
			name = Credits.rtf;
			sourceTree = "<group>";
		};
		8E989E7516D60CA500E399CD /* MainMenu.xib */ = {
			isa = PBXVariantGroup;
			children = (
				8E989E7616D60CA500E399CD /* en */,
			);
			name = MainMenu.xib;
			sourceTree = "<group>";
		};
/* End PBXVariantGroup section */

/* Begin XCBuildConfiguration section */
		8E989E7816D60CA500E399CD /* Debug */ = {
			isa = XCBuildConfiguration;
			buildSettings = {
				ALWAYS_SEARCH_USER_PATHS = NO;
				ARCHS = "$(ARCHS_STANDARD_64_BIT)";
				CLANG_CXX_LANGUAGE_STANDARD = "gnu++0x";
				CLANG_CXX_LIBRARY = "libc++";
				CLANG_ENABLE_OBJC_ARC = YES;
				CLANG_WARN_CONSTANT_CONVERSION = YES;
				CLANG_WARN_EMPTY_BODY = YES;
				CLANG_WARN_ENUM_CONVERSION = YES;
				CLANG_WARN_INT_CONVERSION = YES;
				CLANG_WARN__DUPLICATE_METHOD_MATCH = YES;
				COPY_PHASE_STRIP = NO;
				GCC_C_LANGUAGE_STANDARD = gnu99;
				GCC_DYNAMIC_NO_PIC = NO;
				GCC_ENABLE_OBJC_EXCEPTIONS = YES;
				GCC_OPTIMIZATION_LEVEL = 0;
				GCC_PREPROCESSOR_DEFINITIONS = (
					"DEBUG=1",
					"$(inherited)",
				);
				GCC_SYMBOLS_PRIVATE_EXTERN = NO;
				GCC_WARN_64_TO_32_BIT_CONVERSION = YES;
				GCC_WARN_ABOUT_RETURN_TYPE = YES;
				GCC_WARN_UNINITIALIZED_AUTOS = YES;
				GCC_WARN_UNUSED_VARIABLE = YES;
				MACOSX_DEPLOYMENT_TARGET = 10.8;
				ONLY_ACTIVE_ARCH = YES;
				SDKROOT = macosx;
			};
			name = Debug;
		};
		8E989E7916D60CA500E399CD /* Release */ = {
			isa = XCBuildConfiguration;
			buildSettings = {
				ALWAYS_SEARCH_USER_PATHS = NO;
				ARCHS = "$(ARCHS_STANDARD_64_BIT)";
				CLANG_CXX_LANGUAGE_STANDARD = "gnu++0x";
				CLANG_CXX_LIBRARY = "libc++";
				CLANG_ENABLE_OBJC_ARC = YES;
				CLANG_WARN_CONSTANT_CONVERSION = YES;
				CLANG_WARN_EMPTY_BODY = YES;
				CLANG_WARN_ENUM_CONVERSION = YES;
				CLANG_WARN_INT_CONVERSION = YES;
				CLANG_WARN__DUPLICATE_METHOD_MATCH = YES;
				COPY_PHASE_STRIP = YES;
				DEBUG_INFORMATION_FORMAT = "dwarf-with-dsym";
				GCC_C_LANGUAGE_STANDARD = gnu99;
				GCC_ENABLE_OBJC_EXCEPTIONS = YES;
				GCC_WARN_64_TO_32_BIT_CONVERSION = YES;
				GCC_WARN_ABOUT_RETURN_TYPE = YES;
				GCC_WARN_UNINITIALIZED_AUTOS = YES;
				GCC_WARN_UNUSED_VARIABLE = YES;
				MACOSX_DEPLOYMENT_TARGET = 10.8;
				SDKROOT = macosx;
			};
			name = Release;
		};
		8E989E7B16D60CA500E399CD /* Debug */ = {
			isa = XCBuildConfiguration;
			buildSettings = {
				COMBINE_HIDPI_IMAGES = YES;
				GCC_PRECOMPILE_PREFIX_HEADER = YES;
				GCC_PREFIX_HEADER = "TodoList/TodoList-Prefix.pch";
				INFOPLIST_FILE = "TodoList/TodoList-Info.plist";
				PRODUCT_NAME = "$(TARGET_NAME)";
				WRAPPER_EXTENSION = app;
			};
			name = Debug;
		};
		8E989E7C16D60CA500E399CD /* Release */ = {
			isa = XCBuildConfiguration;
			buildSettings = {
				COMBINE_HIDPI_IMAGES = YES;
				GCC_PRECOMPILE_PREFIX_HEADER = YES;
				GCC_PREFIX_HEADER = "TodoList/TodoList-Prefix.pch";
				INFOPLIST_FILE = "TodoList/TodoList-Info.plist";
				PRODUCT_NAME = "$(TARGET_NAME)";
				WRAPPER_EXTENSION = app;
			};
			name = Release;
		};
/* End XCBuildConfiguration section */

/* Begin XCConfigurationList section */
		8E989E5816D60CA500E399CD /* Build configuration list for PBXProject "TodoList" */ = {
			isa = XCConfigurationList;
			buildConfigurations = (
				8E989E7816D60CA500E399CD /* Debug */,
				8E989E7916D60CA500E399CD /* Release */,
			);
			defaultConfigurationIsVisible = 0;
			defaultConfigurationName = Release;
		};
		8E989E7A16D60CA500E399CD /* Build configuration list for PBXNativeTarget "TodoList" */ = {
			isa = XCConfigurationList;
			buildConfigurations = (
				8E989E7B16D60CA500E399CD /* Debug */,
				8E989E7C16D60CA500E399CD /* Release */,
			);
			defaultConfigurationIsVisible = 0;
		};
/* End XCConfigurationList section */
	};
	rootObject = 8E989E5516D60CA500E399CD /* Project object */;
}
